# THIS IS AN AUTOGENERATED FILE. DO NOT EDIT THIS FILE DIRECTLY.
# yarn lockfile v1


"@types/cropperjs@^1.3.0":
  version "1.3.0"
  resolved "https://registry.npmmirror.com/@types/cropperjs/-/cropperjs-1.3.0.tgz#44b804ec991e5fb8b878917ac51067f76c92a377"
  integrity sha512-U3a/z302duKpXUHfMneFjrWDDoq5n+nsJ/YeJHoTI9LXSBtSsqMUyxEJPIMAzfDawF5nuG5c9FN2gY//ZGl5PA==
  dependencies:
    cropperjs "*"

"@types/gif.js@^0.2.2":
  version "0.2.2"
  resolved "https://registry.npmmirror.com/@types/gif.js/-/gif.js-0.2.2.tgz#fff36a07adc896d941dac00953a4e6ab6ca7f6cc"
  integrity sha512-/FVEOmcoK/mdNVIW87k8A0vBC5MxBCb1Tgw57FfPBzPS12JW8jrI8qwX9pT3e1iawtIurQm34x6jY1N2awM7hQ==

cropperjs@*, cropperjs@^1.5.12:
  version "1.5.12"
  resolved "https://registry.npmmirror.com/cropperjs/-/cropperjs-1.5.12.tgz#d9c0db2bfb8c0d769d51739e8f916bbc44e10f50"
  integrity sha512-re7UdjE5UnwdrovyhNzZ6gathI4Rs3KGCBSc8HCIjUo5hO42CtzyblmWLj6QWVw7huHyDMfpKxhiO2II77nhDw==

gif.js@^0.2.0:
  version "0.2.0"
  resolved "https://registry.npmmirror.com/gif.js/-/gif.js-0.2.0.tgz#615e6e3788850cd3a20c85fe9f09539e784903e8"
  integrity sha512-bYxCoT8OZKmbxY8RN4qDiYuj4nrQDTzgLRcFVovyona1PTWNePzI4nzOmotnlOFIzTk/ZxAHtv+TfVLiBWj/hw==

gifuct-js@^2.1.2:
  version "2.1.2"
  resolved "https://registry.npmmirror.com/gifuct-js/-/gifuct-js-2.1.2.tgz#06152437ba30ec914db8398bd838bd0fbc8a6ecd"
  integrity sha512-rI2asw77u0mGgwhV3qA+OEgYqaDn5UNqgs+Bx0FGwSpuqfYn+Ir6RQY5ENNQ8SbIiG/m5gVa7CD5RriO4f4Lsg==
  dependencies:
    js-binary-schema-parser "^2.0.3"

js-binary-schema-parser@^2.0.3:
  version "2.0.3"
  resolved "https://registry.npmmirror.com/js-binary-schema-parser/-/js-binary-schema-parser-2.0.3.tgz#3d7848748e8586e63b34e8911b643f59cfb6396e"
  integrity sha512-xezGJmOb4lk/M1ZZLTR/jaBHQ4gG/lqQnJqdIv4721DMggsa1bDVlHXNeHYogaIEHD9vCRv0fcL4hMA+Coarkg==
